{
  "requires": true,
  "lockfileVersion": 1,
  "dependencies": {
    "use-image": {
      "version": "1.0.6",
      "resolved": "https://registry.npmjs.org/use-image/-/use-image-1.0.6.tgz",
      "integrity": "sha512-iTM2ze8QACdiE9CoYekEOeerRDH5suCdLq6MkdCu6N6cRUHWuXMNT2hFm09nboazEFV2TwGjzlv/1mF2BsqDgw=="
    }
  }
}
